
Microsoft Visual Studio Solution File, Format Version 12.00
Project("{FAE04EC0-301F-11D3-BF4B-00C04F79EFBC}") = "HestiaSharp", "HestiaSharp\HestiaSharp.csproj", "{EF1AFBEE-B316-4330-AF50-3AFB512EF2CA}"
EndProject
Project("{2150E333-8FDC-42A3-9474-1A3956D46DE8}") = "Solution Items", "Solution Items", "{0E0C7963-0AE7-4395-9C44-B802A58C9EB8}"
	ProjectSection(SolutionItems) = preProject
		compose.yaml = compose.yaml
		README.md = README.md
		.gitignore = .gitignore
		.dockerignore = .dockerignore
	EndProjectSection
EndProject
Project("{FAE04EC0-301F-11D3-BF4B-00C04F79EFBC}") = "HestiaSharpBot", "HestiaSharpBot\HestiaSharpBot.csproj", "{A0AAB3B9-174F-4179-9AAC-823BE790900E}"
EndProject
Global
	GlobalSection(SolutionConfigurationPlatforms) = preSolution
		Debug|Any CPU = Debug|Any CPU
		Release|Any CPU = Release|Any CPU
	EndGlobalSection
	GlobalSection(ProjectConfigurationPlatforms) = postSolution
		{EF1AFBEE-B316-4330-AF50-3AFB512EF2CA}.Debug|Any CPU.ActiveCfg = Debug|Any CPU
		{EF1AFBEE-B316-4330-AF50-3AFB512EF2CA}.Debug|Any CPU.Build.0 = Debug|Any CPU
		{EF1AFBEE-B316-4330-AF50-3AFB512EF2CA}.Release|Any CPU.ActiveCfg = Release|Any CPU
		{EF1AFBEE-B316-4330-AF50-3AFB512EF2CA}.Release|Any CPU.Build.0 = Release|Any CPU
		{A0AAB3B9-174F-4179-9AAC-823BE790900E}.Debug|Any CPU.ActiveCfg = Debug|Any CPU
		{A0AAB3B9-174F-4179-9AAC-823BE790900E}.Debug|Any CPU.Build.0 = Debug|Any CPU
		{A0AAB3B9-174F-4179-9AAC-823BE790900E}.Release|Any CPU.ActiveCfg = Release|Any CPU
		{A0AAB3B9-174F-4179-9AAC-823BE790900E}.Release|Any CPU.Build.0 = Release|Any CPU
	EndGlobalSection
EndGlobal
